// !$*UTF8*$!
{
	archiveVersion = 1;
	classes = {
	};
	objectVersion = 46;
	objects = {

/* Begin PBXBuildFile section */
		EACBBB341B7745CD00C04D99 /* AppDelegate.swift in Sources */ = {isa = PBXBuildFile; fileRef = EACBBB331B7745CD00C04D99 /* AppDelegate.swift */; };
		EACBBB361B7745CD00C04D99 /* ViewController.swift in Sources */ = {isa = PBXBuildFile; fileRef = EACBBB351B7745CD00C04D99 /* ViewController.swift */; };
		EACBBB391B7745CD00C04D99 /* Main.storyboard in Resources */ = {isa = PBXBuildFile; fileRef = EACBBB371B7745CD00C04D99 /* Main.storyboard */; };
		EACBBB3B1B7745CD00C04D99 /* Images.xcassets in Resources */ = {isa = PBXBuildFile; fileRef = EACBBB3A1B7745CD00C04D99 /* Images.xcassets */; };
		EACBBB3E1B7745CD00C04D99 /* LaunchScreen.xib in Resources */ = {isa = PBXBuildFile; fileRef = EACBBB3C1B7745CD00C04D99 /* LaunchScreen.xib */; };
		EACBBB4A1B7745CD00C04D99 /* MyFirstAppTests.swift in Sources */ = {isa = PBXBuildFile; fileRef = EACBBB491B7745CD00C04D99 /* MyFirstAppTests.swift */; };
/* End PBXBuildFile section */

/* Begin PBXContainerItemProxy section */
		EACBBB441B7745CD00C04D99 /* PBXContainerItemProxy */ = {
			isa = PBXContainerItemProxy;
			containerPortal = EACBBB261B7745CC00C04D99 /* Project object */;
			proxyType = 1;
			remoteGlobalIDString = EACBBB2D1B7745CC00C04D99;
			remoteInfo = MyFirstApp;
		};
/* End PBXContainerItemProxy section */

/* Begin PBXFileReference section */
		EACBBB2E1B7745CD00C04D99 /* MyFirstApp.app */ = {isa = PBXFileReference; explicitFileType = wrapper.application; includeInIndex = 0; path = MyFirstApp.app; sourceTree = BUILT_PRODUCTS_DIR; };
		EACBBB321B7745CD00C04D99 /* Info.plist */ = {isa = PBXFileReference; lastKnownFileType = text.plist.xml; path = Info.plist; sourceTree = "<group>"; };
		EACBBB331B7745CD00C04D99 /* AppDelegate.swift */ = {isa = PBXFileReference; lastKnownFileType = sourcecode.swift; path = AppDelegate.swift; sourceTree = "<group>"; };
		EACBBB351B7745CD00C04D99 /* ViewController.swift */ = {isa = PBXFileReference; lastKnownFileType = sourcecode.swift; path = ViewController.swift; sourceTree = "<group>"; };
		EACBBB381B7745CD00C04D99 /* Base */ = {isa = PBXFileReference; lastKnownFileType = file.storyboard; name = Base; path = Base.lproj/Main.storyboard; sourceTree = "<group>"; };
		EACBBB3A1B7745CD00C04D99 /* Images.xcassets */ = {isa = PBXFileReference; lastKnownFileType = folder.assetcatalog; path = Images.xcassets; sourceTree = "<group>"; };
		EACBBB3D1B7745CD00C04D99 /* Base */ = {isa = PBXFileReference; lastKnownFileType = file.xib; name = Base; path = Base.lproj/LaunchScreen.xib; sourceTree = "<group>"; };
		EACBBB431B7745CD00C04D99 /* MyFirstAppTests.xctest */ = {isa = PBXFileReference; explicitFileType = wrapper.cfbundle; includeInIndex = 0; path = MyFirstAppTests.xctest; sourceTree = BUILT_PRODUCTS_DIR; };
		EACBBB481B7745CD00C04D99 /* Info.plist */ = {isa = PBXFileReference; lastKnownFileType = text.plist.xml; path = Info.plist; sourceTree = "<group>"; };
		EACBBB491B7745CD00C04D99 /* MyFirstAppTests.swift */ = {isa = PBXFileReference; lastKnownFileType = sourcecode.swift; path = MyFirstAppTests.swift; sourceTree = "<group>"; };
/* End PBXFileReference section */

/* Begin PBXFrameworksBuildPhase section */
		EACBBB2B1B7745CC00C04D99 /* Frameworks */ = {
			isa = PBXFrameworksBuildPhase;
			buildActionMask = 2147483647;
			files = (
			);
			runOnlyForDeploymentPostprocessing = 0;
		};
		EACBBB401B7745CD00C04D99 /* Frameworks */ = {
			isa = PBXFrameworksBuildPhase;
			buildActionMask = 2147483647;
			files = (
			);
			runOnlyForDeploymentPostprocessing = 0;
		};
/* End PBXFrameworksBuildPhase section */

/* Begin PBXGroup section */
		EACBBB251B7745CC00C04D99 = {
			isa = PBXGroup;
			children = (
				EACBBB301B7745CD00C04D99 /* MyFirstApp */,
				EACBBB461B7745CD00C04D99 /* MyFirstAppTests */,
				EACBBB2F1B7745CD00C04D99 /* Products */,
			);
			sourceTree = "<group>";
		};
		EACBBB2F1B7745CD00C04D99 /* Products */ = {
			isa = PBXGroup;
			children = (
				EACBBB2E1B7745CD00C04D99 /* MyFirstApp.app */,
				EACBBB431B7745CD00C04D99 /* MyFirstAppTests.xctest */,
			);
			name = Products;
			sourceTree = "<group>";
		};
		EACBBB301B7745CD00C04D99 /* MyFirstApp */ = {
			isa = PBXGroup;
			children = (
				EACBBB331B7745CD00C04D99 /* AppDelegate.swift */,
				EACBBB351B7745CD00C04D99 /* ViewController.swift */,
				EACBBB371B7745CD00C04D99 /* Main.storyboard */,
				EACBBB3A1B7745CD00C04D99 /* Images.xcassets */,
				EACBBB3C1B7745CD00C04D99 /* LaunchScreen.xib */,
				EACBBB311B7745CD00C04D99 /* Supporting Files */,
			);
			path = MyFirstApp;
			sourceTree = "<group>";
		};
		EACBBB311B7745CD00C04D99 /* Supporting Files */ = {
			isa = PBXGroup;
			children = (
				EACBBB321B7745CD00C04D99 /* Info.plist */,
			);
			name = "Supporting Files";
			sourceTree = "<group>";
		};
		EACBBB461B7745CD00C04D99 /* MyFirstAppTests */ = {
			isa = PBXGroup;
			children = (
				EACBBB491B7745CD00C04D99 /* MyFirstAppTests.swift */,
				EACBBB471B7745CD00C04D99 /* Supporting Files */,
			);
			path = MyFirstAppTests;
			sourceTree = "<group>";
		};
		EACBBB471B7745CD00C04D99 /* Supporting Files */ = {
			isa = PBXGroup;
			children = (
				EACBBB481B7745CD00C04D99 /* Info.plist */,
			);
			name = "Supporting Files";
			sourceTree = "<group>";
		};
/* End PBXGroup section */

/* Begin PBXNativeTarget section */
		EACBBB2D1B7745CC00C04D99 /* MyFirstApp */ = {
			isa = PBXNativeTarget;
			buildConfigurationList = EACBBB4D1B7745CD00C04D99 /* Build configuration list for PBXNativeTarget "MyFirstApp" */;
			buildPhases = (
				EACBBB2A1B7745CC00C04D99 /* Sources */,
				EACBBB2B1B7745CC00C04D99 /* Frameworks */,
				EACBBB2C1B7745CC00C04D99 /* Resources */,
			);
			buildRules = (
			);
			dependencies = (
			);
			name = MyFirstApp;
			productName = MyFirstApp;
			productReference = EACBBB2E1B7745CD00C04D99 /* MyFirstApp.app */;
			productType = "com.apple.product-type.application";
		};
		EACBBB421B7745CD00C04D99 /* MyFirstAppTests */ = {
			isa = PBXNativeTarget;
			buildConfigurationList = EACBBB501B7745CD00C04D99 /* Build configuration list for PBXNativeTarget "MyFirstAppTests" */;
			buildPhases = (
				EACBBB3F1B7745CD00C04D99 /* Sources */,
				EACBBB401B7745CD00C04D99 /* Frameworks */,
				EACBBB411B7745CD00C04D99 /* Resources */,
			);
			buildRules = (
			);
			dependencies = (
				EACBBB451B7745CD00C04D99 /* PBXTargetDependency */,
			);
			name = MyFirstAppTests;
			productName = MyFirstAppTests;
			productReference = EACBBB431B7745CD00C04D99 /* MyFirstAppTests.xctest */;
			productType = "com.apple.product-type.bundle.unit-test";
		};
/* End PBXNativeTarget section */

/* Begin PBXProject section */
		EACBBB261B7745CC00C04D99 /* Project object */ = {
			isa = PBXProject;
			attributes = {
				LastUpgradeCheck = 0640;
				ORGANIZATIONNAME = "airy-fairy";
				TargetAttributes = {
					EACBBB2D1B7745CC00C04D99 = {
						CreatedOnToolsVersion = 6.4;
					};
					EACBBB421B7745CD00C04D99 = {
						CreatedOnToolsVersion = 6.4;
						TestTargetID = EACBBB2D1B7745CC00C04D99;
					};
				};
			};
			buildConfigurationList = EACBBB291B7745CC00C04D99 /* Build configuration list for PBXProject "MyFirstApp" */;
			compatibilityVersion = "Xcode 3.2";
			developmentRegion = English;
			hasScannedForEncodings = 0;
			knownRegions = (
				en,
				Base,
			);
			mainGroup = EACBBB251B7745CC00C04D99;
			productRefGroup = EACBBB2F1B7745CD00C04D99 /* Products */;
			projectDirPath = "";
			projectRoot = "";
			targets = (
				EACBBB2D1B7745CC00C04D99 /* MyFirstApp */,
				EACBBB421B7745CD00C04D99 /* MyFirstAppTests */,
			);
		};
/* End PBXProject section */

/* Begin PBXResourcesBuildPhase section */
		EACBBB2C1B7745CC00C04D99 /* Resources */ = {
			isa = PBXResourcesBuildPhase;
			buildActionMask = 2147483647;
			files = (
				EACBBB391B7745CD00C04D99 /* Main.storyboard in Resources */,
				EACBBB3E1B7745CD00C04D99 /* LaunchScreen.xib in Resources */,
				EACBBB3B1B7745CD00C04D99 /* Images.xcassets in Resources */,
			);
			runOnlyForDeploymentPostprocessing = 0;
		};
		EACBBB411B7745CD00C04D99 /* Resources */ = {
			isa = PBXResourcesBuildPhase;
			buildActionMask = 2147483647;
			files = (
			);
			runOnlyForDeploymentPostprocessing = 0;
		};
/* End PBXResourcesBuildPhase section */

/* Begin PBXSourcesBuildPhase section */
		EACBBB2A1B7745CC00C04D99 /* Sources */ = {
			isa = PBXSourcesBuildPhase;
			buildActionMask = 2147483647;
			files = (
				EACBBB361B7745CD00C04D99 /* ViewController.swift in Sources */,
				EACBBB341B7745CD00C04D99 /* AppDelegate.swift in Sources */,
			);
			runOnlyForDeploymentPostprocessing = 0;
		};
		EACBBB3F1B7745CD00C04D99 /* Sources */ = {
			isa = PBXSourcesBuildPhase;
			buildActionMask = 2147483647;
			files = (
				EACBBB4A1B7745CD00C04D99 /* MyFirstAppTests.swift in Sources */,
			);
			runOnlyForDeploymentPostprocessing = 0;
		};
/* End PBXSourcesBuildPhase section */

/* Begin PBXTargetDependency section */
		EACBBB451B7745CD00C04D99 /* PBXTargetDependency */ = {
			isa = PBXTargetDependency;
			target = EACBBB2D1B7745CC00C04D99 /* MyFirstApp */;
			targetProxy = EACBBB441B7745CD00C04D99 /* PBXContainerItemProxy */;
		};
/* End PBXTargetDependency section */

/* Begin PBXVariantGroup section */
		EACBBB371B7745CD00C04D99 /* Main.storyboard */ = {
			isa = PBXVariantGroup;
			children = (
				EACBBB381B7745CD00C04D99 /* Base */,
			);
			name = Main.storyboard;
			sourceTree = "<group>";
		};
		EACBBB3C1B7745CD00C04D99 /* LaunchScreen.xib */ = {
			isa = PBXVariantGroup;
			children = (
				EACBBB3D1B7745CD00C04D99 /* Base */,
			);
			name = LaunchScreen.xib;
			sourceTree = "<group>";
		};
/* End PBXVariantGroup section */

/* Begin XCBuildConfiguration section */
		EACBBB4B1B7745CD00C04D99 /* Debug */ = {
			isa = XCBuildConfiguration;
			buildSettings = {
				ALWAYS_SEARCH_USER_PATHS = NO;
				CLANG_CXX_LANGUAGE_STANDARD = "gnu++0x";
				CLANG_CXX_LIBRARY = "libc++";
				CLANG_ENABLE_MODULES = YES;
				CLANG_ENABLE_OBJC_ARC = YES;
				CLANG_WARN_BOOL_CONVERSION = YES;
				CLANG_WARN_CONSTANT_CONVERSION = YES;
				CLANG_WARN_DIRECT_OBJC_ISA_USAGE = YES_ERROR;
				CLANG_WARN_EMPTY_BODY = YES;
				CLANG_WARN_ENUM_CONVERSION = YES;
				CLANG_WARN_INT_CONVERSION = YES;
				CLANG_WARN_OBJC_ROOT_CLASS = YES_ERROR;
				CLANG_WARN_UNREACHABLE_CODE = YES;
				CLANG_WARN__DUPLICATE_METHOD_MATCH = YES;
				"CODE_SIGN_IDENTITY[sdk=iphoneos*]" = "iPhone Developer";
				COPY_PHASE_STRIP = NO;
				DEBUG_INFORMATION_FORMAT = "dwarf-with-dsym";
				ENABLE_STRICT_OBJC_MSGSEND = YES;
				GCC_C_LANGUAGE_STANDARD = gnu99;
				GCC_DYNAMIC_NO_PIC = NO;
				GCC_NO_COMMON_BLOCKS = YES;
				GCC_OPTIMIZATION_LEVEL = 0;
				GCC_PREPROCESSOR_DEFINITIONS = (
					"DEBUG=1",
					"$(inherited)",
				);
				GCC_SYMBOLS_PRIVATE_EXTERN = NO;
				GCC_WARN_64_TO_32_BIT_CONVERSION = YES;
				GCC_WARN_ABOUT_RETURN_TYPE = YES_ERROR;
				GCC_WARN_UNDECLARED_SELECTOR = YES;
				GCC_WARN_UNINITIALIZED_AUTOS = YES_AGGRESSIVE;
				GCC_WARN_UNUSED_FUNCTION = YES;
				GCC_WARN_UNUSED_VARIABLE = YES;
				IPHONEOS_DEPLOYMENT_TARGET = 8.4;
				MTL_ENABLE_DEBUG_INFO = YES;
				ONLY_ACTIVE_ARCH = YES;
				SDKROOT = iphoneos;
				SWIFT_OPTIMIZATION_LEVEL = "-Onone";
			};
			name = Debug;
		};
		EACBBB4C1B7745CD00C04D99 /* Release */ = {
			isa = XCBuildConfiguration;
			buildSettings = {
				ALWAYS_SEARCH_USER_PATHS = NO;
				CLANG_CXX_LANGUAGE_STANDARD = "gnu++0x";
				CLANG_CXX_LIBRARY = "libc++";
				CLANG_ENABLE_MODULES = YES;
				CLANG_ENABLE_OBJC_ARC = YES;
				CLANG_WARN_BOOL_CONVERSION = YES;
				CLANG_WARN_CONSTANT_CONVERSION = YES;
				CLANG_WARN_DIRECT_OBJC_ISA_USAGE = YES_ERROR;
				CLANG_WARN_EMPTY_BODY = YES;
				CLANG_WARN_ENUM_CONVERSION = YES;
				CLANG_WARN_INT_CONVERSION = YES;
				CLANG_WARN_OBJC_ROOT_CLASS = YES_ERROR;
				CLANG_WARN_UNREACHABLE_CODE = YES;
				CLANG_WARN__DUPLICATE_METHOD_MATCH = YES;
				"CODE_SIGN_IDENTITY[sdk=iphoneos*]" = "iPhone Developer";
				COPY_PHASE_STRIP = NO;
				DEBUG_INFORMATION_FORMAT = "dwarf-with-dsym";
				ENABLE_NS_ASSERTIONS = NO;
				ENABLE_STRICT_OBJC_MSGSEND = YES;
				GCC_C_LANGUAGE_STANDARD = gnu99;
				GCC_NO_COMMON_BLOCKS = YES;
				GCC_WARN_64_TO_32_BIT_CONVERSION = YES;
				GCC_WARN_ABOUT_RETURN_TYPE = YES_ERROR;
				GCC_WARN_UNDECLARED_SELECTOR = YES;
				GCC_WARN_UNINITIALIZED_AUTOS = YES_AGGRESSIVE;
				GCC_WARN_UNUSED_FUNCTION = YES;
				GCC_WARN_UNUSED_VARIABLE = YES;
				IPHONEOS_DEPLOYMENT_TARGET = 8.4;
				MTL_ENABLE_DEBUG_INFO = NO;
				SDKROOT = iphoneos;
				VALIDATE_PRODUCT = YES;
			};
			name = Release;
		};
		EACBBB4E1B7745CD00C04D99 /* Debug */ = {
			isa = XCBuildConfiguration;
			buildSettings = {
				ASSETCATALOG_COMPILER_APPICON_NAME = AppIcon;
				INFOPLIST_FILE = MyFirstApp/Info.plist;
				LD_RUNPATH_SEARCH_PATHS = "$(inherited) @executable_path/Frameworks";
				PRODUCT_NAME = "$(TARGET_NAME)";
			};
			name = Debug;
		};
		EACBBB4F1B7745CD00C04D99 /* Release */ = {
			isa = XCBuildConfiguration;
			buildSettings = {
				ASSETCATALOG_COMPILER_APPICON_NAME = AppIcon;
				INFOPLIST_FILE = MyFirstApp/Info.plist;
				LD_RUNPATH_SEARCH_PATHS = "$(inherited) @executable_path/Frameworks";
				PRODUCT_NAME = "$(TARGET_NAME)";
			};
			name = Release;
		};
		EACBBB511B7745CD00C04D99 /* Debug */ = {
			isa = XCBuildConfiguration;
			buildSettings = {
				BUNDLE_LOADER = "$(TEST_HOST)";
				FRAMEWORK_SEARCH_PATHS = (
					"$(SDKROOT)/Developer/Library/Frameworks",
					"$(inherited)",
				);
				GCC_PREPROCESSOR_DEFINITIONS = (
					"DEBUG=1",
					"$(inherited)",
				);
				INFOPLIST_FILE = MyFirstAppTests/Info.plist;
				LD_RUNPATH_SEARCH_PATHS = "$(inherited) @executable_path/Frameworks @loader_path/Frameworks";
				PRODUCT_NAME = "$(TARGET_NAME)";
				TEST_HOST = "$(BUILT_PRODUCTS_DIR)/MyFirstApp.app/MyFirstApp";
			};
			name = Debug;
		};
		EACBBB521B7745CD00C04D99 /* Release */ = {
			isa = XCBuildConfiguration;
			buildSettings = {
				BUNDLE_LOADER = "$(TEST_HOST)";
				FRAMEWORK_SEARCH_PATHS = (
					"$(SDKROOT)/Developer/Library/Frameworks",
					"$(inherited)",
				);
				INFOPLIST_FILE = MyFirstAppTests/Info.plist;
				LD_RUNPATH_SEARCH_PATHS = "$(inherited) @executable_path/Frameworks @loader_path/Frameworks";
				PRODUCT_NAME = "$(TARGET_NAME)";
				TEST_HOST = "$(BUILT_PRODUCTS_DIR)/MyFirstApp.app/MyFirstApp";
			};
			name = Release;
		};
/* End XCBuildConfiguration section */

/* Begin XCConfigurationList section */
		EACBBB291B7745CC00C04D99 /* Build configuration list for PBXProject "MyFirstApp" */ = {
			isa = XCConfigurationList;
			buildConfigurations = (
				EACBBB4B1B7745CD00C04D99 /* Debug */,
				EACBBB4C1B7745CD00C04D99 /* Release */,
			);
			defaultConfigurationIsVisible = 0;
			defaultConfigurationName = Release;
		};
		EACBBB4D1B7745CD00C04D99 /* Build configuration list for PBXNativeTarget "MyFirstApp" */ = {
			isa = XCConfigurationList;
			buildConfigurations = (
				EACBBB4E1B7745CD00C04D99 /* Debug */,
				EACBBB4F1B7745CD00C04D99 /* Release */,
			);
			defaultConfigurationIsVisible = 0;
		};
		EACBBB501B7745CD00C04D99 /* Build configuration list for PBXNativeTarget "MyFirstAppTests" */ = {
			isa = XCConfigurationList;
			buildConfigurations = (
				EACBBB511B7745CD00C04D99 /* Debug */,
				EACBBB521B7745CD00C04D99 /* Release */,
			);
			defaultConfigurationIsVisible = 0;
		};
/* End XCConfigurationList section */
	};
	rootObject = EACBBB261B7745CC00C04D99 /* Project object */;
}
